
Microsoft Visual Studio Solution File, Format Version 12.00
# Visual Studio Version 17
VisualStudioVersion = 17.2.32630.192
MinimumVisualStudioVersion = 10.0.40219.1
Project("{FAE04EC0-301F-11D3-BF4B-00C04F79EFBC}") = "test-entity", "test-entity.csproj", "{C945A6D0-BCAD-4988-B591-1AD79C9D91B2}"
EndProject
Global
	GlobalSection(SolutionConfigurationPlatforms) = preSolution
		Debug|Any CPU = Debug|Any CPU
		Release|Any CPU = Release|Any CPU
	EndGlobalSection
	GlobalSection(ProjectConfigurationPlatforms) = postSolution
		{C945A6D0-BCAD-4988-B591-1AD79C9D91B2}.Debug|Any CPU.ActiveCfg = Debug|Any CPU
		{C945A6D0-BCAD-4988-B591-1AD79C9D91B2}.Debug|Any CPU.Build.0 = Debug|Any CPU
		{C945A6D0-BCAD-4988-B591-1AD79C9D91B2}.Release|Any CPU.ActiveCfg = Release|Any CPU
		{C945A6D0-BCAD-4988-B591-1AD79C9D91B2}.Release|Any CPU.Build.0 = Release|Any CPU
	EndGlobalSection
	GlobalSection(SolutionProperties) = preSolution
		HideSolutionNode = FALSE
	EndGlobalSection
	GlobalSection(ExtensibilityGlobals) = postSolution
		SolutionGuid = {617E967E-3688-4583-B8EB-3926BBF656D4}
	EndGlobalSection
EndGlobal
